
Microsoft Visual Studio Solution File, Format Version 12.00
# Visual Studio Version 16
VisualStudioVersion = 16.0.31727.386
MinimumVisualStudioVersion = 10.0.40219.1
Project("{FAE04EC0-301F-11D3-BF4B-00C04F79EFBC}") = "Labb3", "Labb3\Labb3.csproj", "{F3D1F74F-57DA-406A-AB28-261FD25C7A3D}"
EndProject
Global
	GlobalSection(SolutionConfigurationPlatforms) = preSolution
		Debug|Any CPU = Debug|Any CPU
		Release|Any CPU = Release|Any CPU
	EndGlobalSection
	GlobalSection(ProjectConfigurationPlatforms) = postSolution
		{F3D1F74F-57DA-406A-AB28-261FD25C7A3D}.Debug|Any CPU.ActiveCfg = Debug|Any CPU
		{F3D1F74F-57DA-406A-AB28-261FD25C7A3D}.Debug|Any CPU.Build.0 = Debug|Any CPU
		{F3D1F74F-57DA-406A-AB28-261FD25C7A3D}.Release|Any CPU.ActiveCfg = Release|Any CPU
		{F3D1F74F-57DA-406A-AB28-261FD25C7A3D}.Release|Any CPU.Build.0 = Release|Any CPU
	EndGlobalSection
	GlobalSection(SolutionProperties) = preSolution
		HideSolutionNode = FALSE
	EndGlobalSection
	GlobalSection(ExtensibilityGlobals) = postSolution
		SolutionGuid = {B828E7E1-165D-49A7-974F-245786BCE04A}
	EndGlobalSection
EndGlobal
